
Microsoft Visual Studio Solution File, Format Version 12.00
# Visual Studio Version 17
VisualStudioVersion = 17.5.002.0
MinimumVisualStudioVersion = 10.0.40219.1
Project("{9A19103F-16F7-4668-BE54-9A1E7A4F7556}") = "app", "app.csproj", "{9B2340DD-A54E-412F-8EDD-7BB6A4D096DA}"
EndProject
Global
	GlobalSection(SolutionConfigurationPlatforms) = preSolution
		Debug|Any CPU = Debug|Any CPU
		Release|Any CPU = Release|Any CPU
	EndGlobalSection
	GlobalSection(ProjectConfigurationPlatforms) = postSolution
		{9B2340DD-A54E-412F-8EDD-7BB6A4D096DA}.Debug|Any CPU.ActiveCfg = Debug|Any CPU
		{9B2340DD-A54E-412F-8EDD-7BB6A4D096DA}.Debug|Any CPU.Build.0 = Debug|Any CPU
		{9B2340DD-A54E-412F-8EDD-7BB6A4D096DA}.Release|Any CPU.ActiveCfg = Release|Any CPU
		{9B2340DD-A54E-412F-8EDD-7BB6A4D096DA}.Release|Any CPU.Build.0 = Release|Any CPU
	EndGlobalSection
	GlobalSection(SolutionProperties) = preSolution
		HideSolutionNode = FALSE
	EndGlobalSection
	GlobalSection(ExtensibilityGlobals) = postSolution
		SolutionGuid = {8B4B2BA9-8F50-4232-B907-275FEECB4EDD}
	EndGlobalSection
EndGlobal
